
Microsoft Visual Studio Solution File, Format Version 12.00
# Visual Studio Version 16
VisualStudioVersion = 16.0.31313.79
MinimumVisualStudioVersion = 10.0.40219.1
Project("{888888A0-9F3D-457C-B088-3A5042F75D52}") = "pystudy1", "pystudy1\pystudy1.pyproj", "{94F748F4-2F29-4E68-98EE-68507393E2C0}"
EndProject
Global
	GlobalSection(SolutionConfigurationPlatforms) = preSolution
		Debug|Any CPU = Debug|Any CPU
		Release|Any CPU = Release|Any CPU
	EndGlobalSection
	GlobalSection(ProjectConfigurationPlatforms) = postSolution
		{94F748F4-2F29-4E68-98EE-68507393E2C0}.Debug|Any CPU.ActiveCfg = Debug|Any CPU
		{94F748F4-2F29-4E68-98EE-68507393E2C0}.Release|Any CPU.ActiveCfg = Release|Any CPU
	EndGlobalSection
	GlobalSection(SolutionProperties) = preSolution
		HideSolutionNode = FALSE
	EndGlobalSection
	GlobalSection(ExtensibilityGlobals) = postSolution
		SolutionGuid = {0304FB01-EF71-4D84-8575-9BA6250D5828}
	EndGlobalSection
EndGlobal
